{
  "nodes": {
    "mozillapkgs": {
      "flake": false,
      "locked": {
        "lastModified": 1603906276,
        "narHash": "sha256-RsNPnEKd7BcogwkqhaV5kI/HuNC4flH/OQCC/4W5y/8=",
        "owner": "mozilla",
        "repo": "nixpkgs-mozilla",
        "rev": "8c007b60731c07dd7a052cce508de3bb1ae849b4",
        "type": "github"
      },
      "original": {
        "owner": "mozilla",
        "repo": "nixpkgs-mozilla",
        "type": "github"
      }
    },
    "naersk": {
      "inputs": {
        "nixpkgs": "nixpkgs"
      },
      "locked": {
        "lastModified": 1610392286,
        "narHash": "sha256-3wFl5y+4YZO4SgRYK8WE7JIS3p0sxbgrGaQ6RMw+d98=",
        "owner": "nmattia",
        "repo": "naersk",
        "rev": "d7bfbad3304fd768c0f93a4c3b50976275e6d4be",
        "type": "github"
      },
      "original": {
        "owner": "nmattia",
        "repo": "naersk",
        "type": "github"
      }
    },
    "nixpkgs": {
      "locked": {
        "lastModified": 1610850544,
        "narHash": "sha256-6GnsJuulJNdSrZNP98rRTRX/zJbxdC7m3qaH6WwsOuY=",
        "owner": "NixOS",
        "repo": "nixpkgs",
        "rev": "2fbc36f3d891c86ae34dc0414bc78e74e8911218",
        "type": "github"
      },
      "original": {
        "id": "nixpkgs",
        "type": "indirect"
      }
    },
    "nixpkgs_2": {
      "locked": {
        "lastModified": 1610850544,
        "narHash": "sha256-6GnsJuulJNdSrZNP98rRTRX/zJbxdC7m3qaH6WwsOuY=",
        "owner": "NixOS",
        "repo": "nixpkgs",
        "rev": "2fbc36f3d891c86ae34dc0414bc78e74e8911218",
        "type": "github"
      },
      "original": {
        "id": "nixpkgs",
        "type": "indirect"
      }
    },
    "root": {
      "inputs": {
        "mozillapkgs": "mozillapkgs",
        "naersk": "naersk",
        "nixpkgs": "nixpkgs_2",
        "utils": "utils"
      }
    },
    "utils": {
      "locked": {
        "lastModified": 1610051610,
        "narHash": "sha256-U9rPz/usA1/Aohhk7Cmc2gBrEEKRzcW4nwPWMPwja4Y=",
        "owner": "numtide",
        "repo": "flake-utils",
        "rev": "3982c9903e93927c2164caa727cd3f6a0e6d14cc",
        "type": "github"
      },
      "original": {
        "owner": "numtide",
        "repo": "flake-utils",
        "type": "github"
      }
    }
  },
  "root": "root",
  "version": 7
}
